
Microsoft Visual Studio Solution File, Format Version 12.00
# Visual Studio 2012
Project("{2150E333-8FDC-42A3-9474-1A3956D46DE8}") = "Web", "Web", "{EE66BF8C-9D3C-4318-87E1-76EF7578A9EB}"
EndProject
Project("{2150E333-8FDC-42A3-9474-1A3956D46DE8}") = "Business", "Business", "{48F604D3-5126-4643-87DA-370939E23693}"
EndProject
Project("{FAE04EC0-301F-11D3-BF4B-00C04F79EFBC}") = "NMax.Staff.DAL", "NMax.Staff.DAL\NMax.Staff.DAL.csproj", "{61333310-5D8B-4833-9716-7EEF11B1F38C}"
EndProject
Project("{FAE04EC0-301F-11D3-BF4B-00C04F79EFBC}") = "NMax.Staff.BLL", "NMax.Staff.BLL\NMax.Staff.BLL.csproj", "{AE7C2547-AA5A-4EBA-A6D5-C1536B0DA6B8}"
EndProject
Project("{FAE04EC0-301F-11D3-BF4B-00C04F79EFBC}") = "NMax.Staff.WebApi", "NMax.Staff.WebApi\NMax.Staff.WebApi.csproj", "{44DE900A-AF92-4B95-9EFF-4AF07D7A87E4}"
EndProject
Project("{2150E333-8FDC-42A3-9474-1A3956D46DE8}") = "Host", "Host", "{299C1F8D-44B9-46C1-9F51-136BC022CE4A}"
EndProject
Project("{FAE04EC0-301F-11D3-BF4B-00C04F79EFBC}") = "NMax.Staff.WebApiHost", "NMax.Staff.WebApiHost\NMax.Staff.WebApiHost.csproj", "{4E4F5647-28DF-4CBB-BE31-839993054717}"
EndProject
Project("{FAE04EC0-301F-11D3-BF4B-00C04F79EFBC}") = "NMax.Staff.UI", "NMax.Staff.UI\NMax.Staff.UI.csproj", "{315D7127-0702-4E33-A25C-9C06CC873984}"
EndProject
Project("{2150E333-8FDC-42A3-9474-1A3956D46DE8}") = "Common", "Common", "{FCD9E9E1-17E5-4058-A678-6F6F53449501}"
EndProject
Project("{FAE04EC0-301F-11D3-BF4B-00C04F79EFBC}") = "NMax.Staff.Common", "NMax.Staff.Common\NMax.Staff.Common.csproj", "{942F40CD-72C3-49FF-8796-22C7121F077D}"
EndProject
Project("{2150E333-8FDC-42A3-9474-1A3956D46DE8}") = "Security", "Security", "{7CBA45A7-B896-41C3-9B19-AB939C140CDE}"
EndProject
Project("{FAE04EC0-301F-11D3-BF4B-00C04F79EFBC}") = "NMax.Staff.Security", "NMax.Staff.Security\NMax.Staff.Security.csproj", "{5193E8D2-4894-4E26-BDF6-599F0E1E5E04}"
EndProject
Global
	GlobalSection(SolutionConfigurationPlatforms) = preSolution
		Debug|Any CPU = Debug|Any CPU
		Release|Any CPU = Release|Any CPU
	EndGlobalSection
	GlobalSection(ProjectConfigurationPlatforms) = postSolution
		{61333310-5D8B-4833-9716-7EEF11B1F38C}.Debug|Any CPU.ActiveCfg = Debug|Any CPU
		{61333310-5D8B-4833-9716-7EEF11B1F38C}.Debug|Any CPU.Build.0 = Debug|Any CPU
		{61333310-5D8B-4833-9716-7EEF11B1F38C}.Release|Any CPU.ActiveCfg = Release|Any CPU
		{61333310-5D8B-4833-9716-7EEF11B1F38C}.Release|Any CPU.Build.0 = Release|Any CPU
		{AE7C2547-AA5A-4EBA-A6D5-C1536B0DA6B8}.Debug|Any CPU.ActiveCfg = Debug|Any CPU
		{AE7C2547-AA5A-4EBA-A6D5-C1536B0DA6B8}.Debug|Any CPU.Build.0 = Debug|Any CPU
		{AE7C2547-AA5A-4EBA-A6D5-C1536B0DA6B8}.Release|Any CPU.ActiveCfg = Release|Any CPU
		{AE7C2547-AA5A-4EBA-A6D5-C1536B0DA6B8}.Release|Any CPU.Build.0 = Release|Any CPU
		{44DE900A-AF92-4B95-9EFF-4AF07D7A87E4}.Debug|Any CPU.ActiveCfg = Debug|Any CPU
		{44DE900A-AF92-4B95-9EFF-4AF07D7A87E4}.Debug|Any CPU.Build.0 = Debug|Any CPU
		{44DE900A-AF92-4B95-9EFF-4AF07D7A87E4}.Release|Any CPU.ActiveCfg = Release|Any CPU
		{44DE900A-AF92-4B95-9EFF-4AF07D7A87E4}.Release|Any CPU.Build.0 = Release|Any CPU
		{4E4F5647-28DF-4CBB-BE31-839993054717}.Debug|Any CPU.ActiveCfg = Debug|Any CPU
		{4E4F5647-28DF-4CBB-BE31-839993054717}.Debug|Any CPU.Build.0 = Debug|Any CPU
		{4E4F5647-28DF-4CBB-BE31-839993054717}.Release|Any CPU.ActiveCfg = Release|Any CPU
		{4E4F5647-28DF-4CBB-BE31-839993054717}.Release|Any CPU.Build.0 = Release|Any CPU
		{315D7127-0702-4E33-A25C-9C06CC873984}.Debug|Any CPU.ActiveCfg = Debug|Any CPU
		{315D7127-0702-4E33-A25C-9C06CC873984}.Debug|Any CPU.Build.0 = Debug|Any CPU
		{315D7127-0702-4E33-A25C-9C06CC873984}.Release|Any CPU.ActiveCfg = Release|Any CPU
		{315D7127-0702-4E33-A25C-9C06CC873984}.Release|Any CPU.Build.0 = Release|Any CPU
		{942F40CD-72C3-49FF-8796-22C7121F077D}.Debug|Any CPU.ActiveCfg = Debug|Any CPU
		{942F40CD-72C3-49FF-8796-22C7121F077D}.Debug|Any CPU.Build.0 = Debug|Any CPU
		{942F40CD-72C3-49FF-8796-22C7121F077D}.Release|Any CPU.ActiveCfg = Release|Any CPU
		{942F40CD-72C3-49FF-8796-22C7121F077D}.Release|Any CPU.Build.0 = Release|Any CPU
		{5193E8D2-4894-4E26-BDF6-599F0E1E5E04}.Debug|Any CPU.ActiveCfg = Debug|Any CPU
		{5193E8D2-4894-4E26-BDF6-599F0E1E5E04}.Debug|Any CPU.Build.0 = Debug|Any CPU
		{5193E8D2-4894-4E26-BDF6-599F0E1E5E04}.Release|Any CPU.ActiveCfg = Release|Any CPU
		{5193E8D2-4894-4E26-BDF6-599F0E1E5E04}.Release|Any CPU.Build.0 = Release|Any CPU
	EndGlobalSection
	GlobalSection(SolutionProperties) = preSolution
		HideSolutionNode = FALSE
	EndGlobalSection
	GlobalSection(NestedProjects) = preSolution
		{315D7127-0702-4E33-A25C-9C06CC873984} = {EE66BF8C-9D3C-4318-87E1-76EF7578A9EB}
		{61333310-5D8B-4833-9716-7EEF11B1F38C} = {48F604D3-5126-4643-87DA-370939E23693}
		{AE7C2547-AA5A-4EBA-A6D5-C1536B0DA6B8} = {48F604D3-5126-4643-87DA-370939E23693}
		{44DE900A-AF92-4B95-9EFF-4AF07D7A87E4} = {48F604D3-5126-4643-87DA-370939E23693}
		{4E4F5647-28DF-4CBB-BE31-839993054717} = {299C1F8D-44B9-46C1-9F51-136BC022CE4A}
		{942F40CD-72C3-49FF-8796-22C7121F077D} = {FCD9E9E1-17E5-4058-A678-6F6F53449501}
		{5193E8D2-4894-4E26-BDF6-599F0E1E5E04} = {7CBA45A7-B896-41C3-9B19-AB939C140CDE}
	EndGlobalSection
EndGlobal
